import React, { useState, useEffect } from "react";
import { supabase } from "./supabaseClient";

const EventsScreen = () => {
  const [events, setEvents] = useState([]);
  const [loading, setLoading] = useState(true);
  const [error, setError] = useState(null);
  const [hoveredEvent, setHoveredEvent] = useState(null);

  const [savedEvents, setSavedEvents] = useState([]); // ❤️
  const [interestedEvents, setInterestedEvents] = useState([]); // ⭐

  const [activeTab, setActiveTab] = useState("events"); // "events" | "saved"

  useEffect(() => {
    fetchEvents();
  }, []);

  const fetchEvents = async () => {
    try {
      setLoading(true);
      const { data, error } = await supabase
        .from("events")
        .select("*")
        .order("start_time", { ascending: true });

      if (error) throw error;
      setEvents(data || []);
    } catch (error) {
      console.error("Error fetching events:", error);
      setError(error.message);
    } finally {
      setLoading(false);
    }
  };

  const toggleSave = (id) => {
    setSavedEvents((prev) =>
      prev.includes(id) ? prev.filter((e) => e !== id) : [...prev, id]
    );
  };

  const toggleInterested = (id) => {
    setInterestedEvents((prev) =>
      prev.includes(id) ? prev.filter((e) => e !== id) : [...prev, id]
    );
  };

  const formatDate = (dateString) => {
    if (!dateString) return "";
    const options = {
      year: "numeric",
      month: "long",
      day: "numeric",
      hour: "2-digit",
      minute: "2-digit",
    };
    return new Date(dateString).toLocaleDateString("en-US", options);
  };

  // Filter events based on tab
  const displayedEvents =
    activeTab === "events"
      ? events
      : events.filter((e) =>
          interestedEvents.includes(e.id || e.event_id)
        );

  if (loading) return <p>Loading events...</p>;
  if (error)
    return (
      <div>
        <p>Error: {error}</p>
        <button onClick={fetchEvents}>Try Again</button>
      </div>
    );

  return (
    <div className="p-6 bg-gray-50 min-h-screen">
      <div className="flex items-center justify-between mb-6">
        <h2 className="text-3xl font-bold text-gray-800">
          {activeTab === "events" ? "Events" : "Saved Events"}
        </h2>

        {/* Toggle buttons */}
        <div className="space-x-3">
          <button
            onClick={() => setActiveTab("events")}
            className={`px-4 py-2 rounded-lg ${
              activeTab === "events"
                ? "bg-blue-600 text-white"
                : "bg-gray-200 text-gray-800"
            }`}
          >
            Events
          </button>
          <button
            onClick={() => setActiveTab("saved")}
            className={`px-4 py-2 rounded-lg ${
              activeTab === "saved"
                ? "bg-blue-600 text-white"
                : "bg-gray-200 text-gray-800"
            }`}
          >
            Saved Events
          </button>
        </div>
      </div>

      {displayedEvents.length === 0 ? (
        <p>
          {activeTab === "events"
            ? "No events scheduled."
            : "No interested events yet."}
        </p>
      ) : (
        <div className="grid grid-cols-1 md:grid-cols-2 lg:grid-cols-3 gap-6">
          {displayedEvents.map((event) => {
            const id = event.id || event.event_id;
            return (
              <div
                key={id}
                className={`bg-white border rounded-xl p-5 shadow-sm transition-all duration-300 transform ${
                  hoveredEvent === id
                    ? "shadow-xl scale-105 border-blue-300"
                    : "hover:shadow-md"
                }`}
                onMouseEnter={() => setHoveredEvent(id)}
                onMouseLeave={() => setHoveredEvent(null)}
              >
                <h3
                  className={`text-xl font-semibold mb-2 ${
                    hoveredEvent === id
                      ? "text-blue-700"
                      : "text-gray-900"
                  }`}
                >
                  {event.event_title || event.title || "⚠️ Missing title"}
                </h3>

                <p className="text-gray-600 mb-4 line-clamp-3">
                  {event.description || "⚠️ No description"}
                </p>

                <p className="text-gray-700 text-sm mb-2">
                  {formatDate(event.start_time)}
                  {event.end_time && ` - ${formatDate(event.end_time)}`}
                </p>

                <p className="text-gray-700 text-sm mb-4">
                  {event.location || "⚠️ No location"}
                </p>

                {/* Buttons */}
                <div className="flex space-x-3 mt-auto">
                  <button
                    onClick={() => toggleInterested(id)}
                    className={`flex-1 py-2 rounded-lg transition-all duration-300 ${
                      interestedEvents.includes(id)
                        ? "bg-blue-100 text-blue-700"
                        : "bg-gray-100 text-gray-700 hover:bg-blue-50"
                    }`}
                  >
                    ⭐ Interested
                  </button>

                  <button
                    onClick={() => toggleSave(id)}
                    className={`flex-1 py-2 rounded-lg transition-all duration-300 ${
                      savedEvents.includes(id)
                        ? "bg-red-100 text-red-700"
                        : "bg-gray-100 text-gray-700 hover:bg-red-50"
                    }`}
                  >
                    ❤️ Save
                  </button>
                </div>
              </div>
            );
          })}
        </div>
      )}
    </div>
  );
};

export default EventsScreen;
